// !$*UTF8*$!
{
	archiveVersion = 1;
	classes = {
	};
	objectVersion = 50;
	objects = {

/* Begin PBXBuildFile section */
		0526F36F20A449DF004AEA81 /* CharactersViewController.swift in Sources */ = {isa = PBXBuildFile; fileRef = 0526F36E20A449DF004AEA81 /* CharactersViewController.swift */; };
		0526F37120A449F8004AEA81 /* HeroViewController.swift in Sources */ = {isa = PBXBuildFile; fileRef = 0526F37020A449F8004AEA81 /* HeroViewController.swift */; };
		0526F37520A45105004AEA81 /* README.md in Resources */ = {isa = PBXBuildFile; fileRef = 0526F37420A45105004AEA81 /* README.md */; };
		0526F37820A4CC89004AEA81 /* LaunchViewController.swift in Sources */ = {isa = PBXBuildFile; fileRef = 0526F37720A4CC89004AEA81 /* LaunchViewController.swift */; };
		05D396C820A2FE7F006F6D4B /* AppDelegate.swift in Sources */ = {isa = PBXBuildFile; fileRef = 05D396C720A2FE7F006F6D4B /* AppDelegate.swift */; };
		05D396CD20A2FE7F006F6D4B /* Main.storyboard in Resources */ = {isa = PBXBuildFile; fileRef = 05D396CB20A2FE7F006F6D4B /* Main.storyboard */; };
		05D396CF20A2FE81006F6D4B /* Assets.xcassets in Resources */ = {isa = PBXBuildFile; fileRef = 05D396CE20A2FE81006F6D4B /* Assets.xcassets */; };
		05D396DD20A2FE82006F6D4B /* RalphRobertsTests.swift in Sources */ = {isa = PBXBuildFile; fileRef = 05D396DC20A2FE82006F6D4B /* RalphRobertsTests.swift */; };
		05D3971220A33C3A006F6D4B /* Data+Hex.swift in Sources */ = {isa = PBXBuildFile; fileRef = 05D3971120A33C3A006F6D4B /* Data+Hex.swift */; };
		05D3971420A33C57006F6D4B /* Data+MD5.swift in Sources */ = {isa = PBXBuildFile; fileRef = 05D3971320A33C57006F6D4B /* Data+MD5.swift */; };
		05D3971620A37E31006F6D4B /* MarvelConnector.swift in Sources */ = {isa = PBXBuildFile; fileRef = 05D3971520A37E31006F6D4B /* MarvelConnector.swift */; };
/* End PBXBuildFile section */

/* Begin PBXContainerItemProxy section */
		05D396D920A2FE82006F6D4B /* PBXContainerItemProxy */ = {
			isa = PBXContainerItemProxy;
			containerPortal = 05D396BC20A2FE7F006F6D4B /* Project object */;
			proxyType = 1;
			remoteGlobalIDString = 05D396C320A2FE7F006F6D4B;
			remoteInfo = RalphRoberts;
		};
/* End PBXContainerItemProxy section */

/* Begin PBXFileReference section */
		0526F36E20A449DF004AEA81 /* CharactersViewController.swift */ = {isa = PBXFileReference; lastKnownFileType = sourcecode.swift; path = CharactersViewController.swift; sourceTree = "<group>"; };
		0526F37020A449F8004AEA81 /* HeroViewController.swift */ = {isa = PBXFileReference; lastKnownFileType = sourcecode.swift; path = HeroViewController.swift; sourceTree = "<group>"; };
		0526F37220A450F6004AEA81 /* Scripts */ = {isa = PBXFileReference; lastKnownFileType = folder; path = Scripts; sourceTree = "<group>"; };
		0526F37420A45105004AEA81 /* README.md */ = {isa = PBXFileReference; fileEncoding = 4; lastKnownFileType = net.daringfireball.markdown; path = README.md; sourceTree = "<group>"; };
		0526F37620A45138004AEA81 /* CommonCrypto.framework */ = {isa = PBXFileReference; lastKnownFileType = wrapper.framework; path = CommonCrypto.framework; sourceTree = BUILT_PRODUCTS_DIR; };
		0526F37720A4CC89004AEA81 /* LaunchViewController.swift */ = {isa = PBXFileReference; lastKnownFileType = sourcecode.swift; path = LaunchViewController.swift; sourceTree = "<group>"; };
		05D396C420A2FE7F006F6D4B /* RalphRoberts.app */ = {isa = PBXFileReference; explicitFileType = wrapper.application; includeInIndex = 0; path = RalphRoberts.app; sourceTree = BUILT_PRODUCTS_DIR; };
		05D396C720A2FE7F006F6D4B /* AppDelegate.swift */ = {isa = PBXFileReference; lastKnownFileType = sourcecode.swift; path = AppDelegate.swift; sourceTree = "<group>"; };
		05D396CC20A2FE7F006F6D4B /* Base */ = {isa = PBXFileReference; lastKnownFileType = file.storyboard; name = Base; path = Base.lproj/Main.storyboard; sourceTree = "<group>"; };
		05D396CE20A2FE81006F6D4B /* Assets.xcassets */ = {isa = PBXFileReference; lastKnownFileType = folder.assetcatalog; path = Assets.xcassets; sourceTree = "<group>"; };
		05D396D320A2FE81006F6D4B /* Info.plist */ = {isa = PBXFileReference; lastKnownFileType = text.plist.xml; path = Info.plist; sourceTree = "<group>"; };
		05D396D820A2FE82006F6D4B /* RalphRobertsTests.xctest */ = {isa = PBXFileReference; explicitFileType = wrapper.cfbundle; includeInIndex = 0; path = RalphRobertsTests.xctest; sourceTree = BUILT_PRODUCTS_DIR; };
		05D396DC20A2FE82006F6D4B /* RalphRobertsTests.swift */ = {isa = PBXFileReference; lastKnownFileType = sourcecode.swift; path = RalphRobertsTests.swift; sourceTree = "<group>"; };
		05D396DE20A2FE82006F6D4B /* Info.plist */ = {isa = PBXFileReference; lastKnownFileType = text.plist.xml; path = Info.plist; sourceTree = "<group>"; };
		05D3971120A33C3A006F6D4B /* Data+Hex.swift */ = {isa = PBXFileReference; lastKnownFileType = sourcecode.swift; path = "Data+Hex.swift"; sourceTree = "<group>"; };
		05D3971320A33C57006F6D4B /* Data+MD5.swift */ = {isa = PBXFileReference; lastKnownFileType = sourcecode.swift; path = "Data+MD5.swift"; sourceTree = "<group>"; };
		05D3971520A37E31006F6D4B /* MarvelConnector.swift */ = {isa = PBXFileReference; lastKnownFileType = sourcecode.swift; path = MarvelConnector.swift; sourceTree = "<group>"; };
/* End PBXFileReference section */

/* Begin PBXFrameworksBuildPhase section */
		05D396C120A2FE7F006F6D4B /* Frameworks */ = {
			isa = PBXFrameworksBuildPhase;
			buildActionMask = 2147483647;
			files = (
			);
			runOnlyForDeploymentPostprocessing = 0;
		};
		05D396D520A2FE82006F6D4B /* Frameworks */ = {
			isa = PBXFrameworksBuildPhase;
			buildActionMask = 2147483647;
			files = (
			);
			runOnlyForDeploymentPostprocessing = 0;
		};
/* End PBXFrameworksBuildPhase section */

/* Begin PBXGroup section */
		05D396BB20A2FE7F006F6D4B = {
			isa = PBXGroup;
			children = (
				0526F37420A45105004AEA81 /* README.md */,
				05D396C620A2FE7F006F6D4B /* RalphRoberts */,
				05D396DB20A2FE82006F6D4B /* RalphRobertsTests */,
				0526F37220A450F6004AEA81 /* Scripts */,
				05D396C520A2FE7F006F6D4B /* Products */,
				05D3970A20A33390006F6D4B /* Frameworks */,
			);
			sourceTree = "<group>";
		};
		05D396C520A2FE7F006F6D4B /* Products */ = {
			isa = PBXGroup;
			children = (
				05D396C420A2FE7F006F6D4B /* RalphRoberts.app */,
				05D396D820A2FE82006F6D4B /* RalphRobertsTests.xctest */,
			);
			name = Products;
			sourceTree = "<group>";
		};
		05D396C620A2FE7F006F6D4B /* RalphRoberts */ = {
			isa = PBXGroup;
			children = (
				05D396C720A2FE7F006F6D4B /* AppDelegate.swift */,
				05D3971120A33C3A006F6D4B /* Data+Hex.swift */,
				05D3971320A33C57006F6D4B /* Data+MD5.swift */,
				05D3971520A37E31006F6D4B /* MarvelConnector.swift */,
				0526F36E20A449DF004AEA81 /* CharactersViewController.swift */,
				0526F37020A449F8004AEA81 /* HeroViewController.swift */,
				0526F37720A4CC89004AEA81 /* LaunchViewController.swift */,
				05D396CB20A2FE7F006F6D4B /* Main.storyboard */,
				05D396CE20A2FE81006F6D4B /* Assets.xcassets */,
				05D396D320A2FE81006F6D4B /* Info.plist */,
			);
			path = RalphRoberts;
			sourceTree = "<group>";
		};
		05D396DB20A2FE82006F6D4B /* RalphRobertsTests */ = {
			isa = PBXGroup;
			children = (
				05D396DC20A2FE82006F6D4B /* RalphRobertsTests.swift */,
				05D396DE20A2FE82006F6D4B /* Info.plist */,
			);
			path = RalphRobertsTests;
			sourceTree = "<group>";
		};
		05D3970A20A33390006F6D4B /* Frameworks */ = {
			isa = PBXGroup;
			children = (
				0526F37620A45138004AEA81 /* CommonCrypto.framework */,
			);
			name = Frameworks;
			sourceTree = "<group>";
		};
/* End PBXGroup section */

/* Begin PBXNativeTarget section */
		05D396C320A2FE7F006F6D4B /* RalphRoberts */ = {
			isa = PBXNativeTarget;
			buildConfigurationList = 05D396E120A2FE82006F6D4B /* Build configuration list for PBXNativeTarget "RalphRoberts" */;
			buildPhases = (
				05D3970920A33328006F6D4B /* Create CommonCrypto Framework */,
				05D396C020A2FE7F006F6D4B /* Sources */,
				05D396C120A2FE7F006F6D4B /* Frameworks */,
				05D396C220A2FE7F006F6D4B /* Resources */,
			);
			buildRules = (
			);
			dependencies = (
			);
			name = RalphRoberts;
			productName = RalphRoberts;
			productReference = 05D396C420A2FE7F006F6D4B /* RalphRoberts.app */;
			productType = "com.apple.product-type.application";
		};
		05D396D720A2FE82006F6D4B /* RalphRobertsTests */ = {
			isa = PBXNativeTarget;
			buildConfigurationList = 05D396E420A2FE82006F6D4B /* Build configuration list for PBXNativeTarget "RalphRobertsTests" */;
			buildPhases = (
				05D396D420A2FE82006F6D4B /* Sources */,
				05D396D520A2FE82006F6D4B /* Frameworks */,
				05D396D620A2FE82006F6D4B /* Resources */,
			);
			buildRules = (
			);
			dependencies = (
				05D396DA20A2FE82006F6D4B /* PBXTargetDependency */,
			);
			name = RalphRobertsTests;
			productName = RalphRobertsTests;
			productReference = 05D396D820A2FE82006F6D4B /* RalphRobertsTests.xctest */;
			productType = "com.apple.product-type.bundle.unit-test";
		};
/* End PBXNativeTarget section */

/* Begin PBXProject section */
		05D396BC20A2FE7F006F6D4B /* Project object */ = {
			isa = PBXProject;
			attributes = {
				LastSwiftUpdateCheck = 0930;
				LastUpgradeCheck = 0930;
				ORGANIZATIONNAME = "John Scott";
				TargetAttributes = {
					05D396C320A2FE7F006F6D4B = {
						CreatedOnToolsVersion = 9.3;
					};
					05D396D720A2FE82006F6D4B = {
						CreatedOnToolsVersion = 9.3;
						TestTargetID = 05D396C320A2FE7F006F6D4B;
					};
				};
			};
			buildConfigurationList = 05D396BF20A2FE7F006F6D4B /* Build configuration list for PBXProject "RalphRoberts" */;
			compatibilityVersion = "Xcode 9.3";
			developmentRegion = en;
			hasScannedForEncodings = 0;
			knownRegions = (
				en,
				Base,
			);
			mainGroup = 05D396BB20A2FE7F006F6D4B;
			productRefGroup = 05D396C520A2FE7F006F6D4B /* Products */;
			projectDirPath = "";
			projectRoot = "";
			targets = (
				05D396C320A2FE7F006F6D4B /* RalphRoberts */,
				05D396D720A2FE82006F6D4B /* RalphRobertsTests */,
			);
		};
/* End PBXProject section */

/* Begin PBXResourcesBuildPhase section */
		05D396C220A2FE7F006F6D4B /* Resources */ = {
			isa = PBXResourcesBuildPhase;
			buildActionMask = 2147483647;
			files = (
				05D396CF20A2FE81006F6D4B /* Assets.xcassets in Resources */,
				0526F37520A45105004AEA81 /* README.md in Resources */,
				05D396CD20A2FE7F006F6D4B /* Main.storyboard in Resources */,
			);
			runOnlyForDeploymentPostprocessing = 0;
		};
		05D396D620A2FE82006F6D4B /* Resources */ = {
			isa = PBXResourcesBuildPhase;
			buildActionMask = 2147483647;
			files = (
			);
			runOnlyForDeploymentPostprocessing = 0;
		};
/* End PBXResourcesBuildPhase section */

/* Begin PBXShellScriptBuildPhase section */
		05D3970920A33328006F6D4B /* Create CommonCrypto Framework */ = {
			isa = PBXShellScriptBuildPhase;
			buildActionMask = 2147483647;
			files = (
			);
			inputPaths = (
			);
			name = "Create CommonCrypto Framework";
			outputPaths = (
			);
			runOnlyForDeploymentPostprocessing = 0;
			shellPath = /bin/sh;
			shellScript = "# This if-statement means we'll only run the main script if the\n# CommonCrypto.framework directory doesn't exist because otherwise\n# the rest of the script causes a full recompile for anything\n# where CommonCrypto is a dependency\n# Do a \"Clean Build Folder\" to remove this directory and trigger\n# the rest of the script to run\n\nFRAMEWORK_DIR=\"${BUILT_PRODUCTS_DIR}/CommonCrypto.framework\"\n\nif [ -d \"${FRAMEWORK_DIR}\" ]; then\necho \"${FRAMEWORK_DIR} already exists, so skipping the rest of the script.\"\nexit 0\nfi\n\nmkdir -p \"${FRAMEWORK_DIR}/Modules\"\ncat <<EOF > \"${FRAMEWORK_DIR}/Modules/module.modulemap\"\nmodule CommonCrypto [system] {\n    header \"${SDKROOT}/usr/include/CommonCrypto/CommonCrypto.h\"\n    export *\n}\nEOF\n\nln -sf \"${SDKROOT}/usr/include/CommonCrypto\" \"${FRAMEWORK_DIR}/Headers\"";
			showEnvVarsInLog = 0;
		};
/* End PBXShellScriptBuildPhase section */

/* Begin PBXSourcesBuildPhase section */
		05D396C020A2FE7F006F6D4B /* Sources */ = {
			isa = PBXSourcesBuildPhase;
			buildActionMask = 2147483647;
			files = (
				05D3971420A33C57006F6D4B /* Data+MD5.swift in Sources */,
				05D396C820A2FE7F006F6D4B /* AppDelegate.swift in Sources */,
				05D3971620A37E31006F6D4B /* MarvelConnector.swift in Sources */,
				0526F36F20A449DF004AEA81 /* CharactersViewController.swift in Sources */,
				0526F37120A449F8004AEA81 /* HeroViewController.swift in Sources */,
				0526F37820A4CC89004AEA81 /* LaunchViewController.swift in Sources */,
				05D3971220A33C3A006F6D4B /* Data+Hex.swift in Sources */,
			);
			runOnlyForDeploymentPostprocessing = 0;
		};
		05D396D420A2FE82006F6D4B /* Sources */ = {
			isa = PBXSourcesBuildPhase;
			buildActionMask = 2147483647;
			files = (
				05D396DD20A2FE82006F6D4B /* RalphRobertsTests.swift in Sources */,
			);
			runOnlyForDeploymentPostprocessing = 0;
		};
/* End PBXSourcesBuildPhase section */

/* Begin PBXTargetDependency section */
		05D396DA20A2FE82006F6D4B /* PBXTargetDependency */ = {
			isa = PBXTargetDependency;
			target = 05D396C320A2FE7F006F6D4B /* RalphRoberts */;
			targetProxy = 05D396D920A2FE82006F6D4B /* PBXContainerItemProxy */;
		};
/* End PBXTargetDependency section */

/* Begin PBXVariantGroup section */
		05D396CB20A2FE7F006F6D4B /* Main.storyboard */ = {
			isa = PBXVariantGroup;
			children = (
				05D396CC20A2FE7F006F6D4B /* Base */,
			);
			name = Main.storyboard;
			sourceTree = "<group>";
		};
/* End PBXVariantGroup section */

/* Begin XCBuildConfiguration section */
		05D396DF20A2FE82006F6D4B /* Debug */ = {
			isa = XCBuildConfiguration;
			buildSettings = {
				ALWAYS_SEARCH_USER_PATHS = NO;
				CLANG_ANALYZER_NONNULL = YES;
				CLANG_ANALYZER_NUMBER_OBJECT_CONVERSION = YES_AGGRESSIVE;
				CLANG_CXX_LANGUAGE_STANDARD = "gnu++14";
				CLANG_CXX_LIBRARY = "libc++";
				CLANG_ENABLE_MODULES = YES;
				CLANG_ENABLE_OBJC_ARC = YES;
				CLANG_ENABLE_OBJC_WEAK = YES;
				CLANG_WARN_BLOCK_CAPTURE_AUTORELEASING = YES;
				CLANG_WARN_BOOL_CONVERSION = YES;
				CLANG_WARN_COMMA = YES;
				CLANG_WARN_CONSTANT_CONVERSION = YES;
				CLANG_WARN_DEPRECATED_OBJC_IMPLEMENTATIONS = YES;
				CLANG_WARN_DIRECT_OBJC_ISA_USAGE = YES_ERROR;
				CLANG_WARN_DOCUMENTATION_COMMENTS = YES;
				CLANG_WARN_EMPTY_BODY = YES;
				CLANG_WARN_ENUM_CONVERSION = YES;
				CLANG_WARN_INFINITE_RECURSION = YES;
				CLANG_WARN_INT_CONVERSION = YES;
				CLANG_WARN_NON_LITERAL_NULL_CONVERSION = YES;
				CLANG_WARN_OBJC_IMPLICIT_RETAIN_SELF = YES;
				CLANG_WARN_OBJC_LITERAL_CONVERSION = YES;
				CLANG_WARN_OBJC_ROOT_CLASS = YES_ERROR;
				CLANG_WARN_RANGE_LOOP_ANALYSIS = YES;
				CLANG_WARN_STRICT_PROTOTYPES = YES;
				CLANG_WARN_SUSPICIOUS_MOVE = YES;
				CLANG_WARN_UNGUARDED_AVAILABILITY = YES_AGGRESSIVE;
				CLANG_WARN_UNREACHABLE_CODE = YES;
				CLANG_WARN__DUPLICATE_METHOD_MATCH = YES;
				CODE_SIGN_IDENTITY = "iPhone Developer";
				COPY_PHASE_STRIP = NO;
				DEBUG_INFORMATION_FORMAT = dwarf;
				ENABLE_STRICT_OBJC_MSGSEND = YES;
				ENABLE_TESTABILITY = YES;
				GCC_C_LANGUAGE_STANDARD = gnu11;
				GCC_DYNAMIC_NO_PIC = NO;
				GCC_NO_COMMON_BLOCKS = YES;
				GCC_OPTIMIZATION_LEVEL = 0;
				GCC_PREPROCESSOR_DEFINITIONS = (
					"DEBUG=1",
					"$(inherited)",
				);
				GCC_WARN_64_TO_32_BIT_CONVERSION = YES;
				GCC_WARN_ABOUT_RETURN_TYPE = YES_ERROR;
				GCC_WARN_UNDECLARED_SELECTOR = YES;
				GCC_WARN_UNINITIALIZED_AUTOS = YES_AGGRESSIVE;
				GCC_WARN_UNUSED_FUNCTION = YES;
				GCC_WARN_UNUSED_VARIABLE = YES;
				IPHONEOS_DEPLOYMENT_TARGET = 11.3;
				MTL_ENABLE_DEBUG_INFO = YES;
				ONLY_ACTIVE_ARCH = YES;
				SDKROOT = iphoneos;
				SWIFT_ACTIVE_COMPILATION_CONDITIONS = DEBUG;
				SWIFT_OPTIMIZATION_LEVEL = "-Onone";
			};
			name = Debug;
		};
		05D396E020A2FE82006F6D4B /* Release */ = {
			isa = XCBuildConfiguration;
			buildSettings = {
				ALWAYS_SEARCH_USER_PATHS = NO;
				CLANG_ANALYZER_NONNULL = YES;
				CLANG_ANALYZER_NUMBER_OBJECT_CONVERSION = YES_AGGRESSIVE;
				CLANG_CXX_LANGUAGE_STANDARD = "gnu++14";
				CLANG_CXX_LIBRARY = "libc++";
				CLANG_ENABLE_MODULES = YES;
				CLANG_ENABLE_OBJC_ARC = YES;
				CLANG_ENABLE_OBJC_WEAK = YES;
				CLANG_WARN_BLOCK_CAPTURE_AUTORELEASING = YES;
				CLANG_WARN_BOOL_CONVERSION = YES;
				CLANG_WARN_COMMA = YES;
				CLANG_WARN_CONSTANT_CONVERSION = YES;
				CLANG_WARN_DEPRECATED_OBJC_IMPLEMENTATIONS = YES;
				CLANG_WARN_DIRECT_OBJC_ISA_USAGE = YES_ERROR;
				CLANG_WARN_DOCUMENTATION_COMMENTS = YES;
				CLANG_WARN_EMPTY_BODY = YES;
				CLANG_WARN_ENUM_CONVERSION = YES;
				CLANG_WARN_INFINITE_RECURSION = YES;
				CLANG_WARN_INT_CONVERSION = YES;
				CLANG_WARN_NON_LITERAL_NULL_CONVERSION = YES;
				CLANG_WARN_OBJC_IMPLICIT_RETAIN_SELF = YES;
				CLANG_WARN_OBJC_LITERAL_CONVERSION = YES;
				CLANG_WARN_OBJC_ROOT_CLASS = YES_ERROR;
				CLANG_WARN_RANGE_LOOP_ANALYSIS = YES;
				CLANG_WARN_STRICT_PROTOTYPES = YES;
				CLANG_WARN_SUSPICIOUS_MOVE = YES;
				CLANG_WARN_UNGUARDED_AVAILABILITY = YES_AGGRESSIVE;
				CLANG_WARN_UNREACHABLE_CODE = YES;
				CLANG_WARN__DUPLICATE_METHOD_MATCH = YES;
				CODE_SIGN_IDENTITY = "iPhone Developer";
				COPY_PHASE_STRIP = NO;
				DEBUG_INFORMATION_FORMAT = "dwarf-with-dsym";
				ENABLE_NS_ASSERTIONS = NO;
				ENABLE_STRICT_OBJC_MSGSEND = YES;
				GCC_C_LANGUAGE_STANDARD = gnu11;
				GCC_NO_COMMON_BLOCKS = YES;
				GCC_WARN_64_TO_32_BIT_CONVERSION = YES;
				GCC_WARN_ABOUT_RETURN_TYPE = YES_ERROR;
				GCC_WARN_UNDECLARED_SELECTOR = YES;
				GCC_WARN_UNINITIALIZED_AUTOS = YES_AGGRESSIVE;
				GCC_WARN_UNUSED_FUNCTION = YES;
				GCC_WARN_UNUSED_VARIABLE = YES;
				IPHONEOS_DEPLOYMENT_TARGET = 11.3;
				MTL_ENABLE_DEBUG_INFO = NO;
				SDKROOT = iphoneos;
				SWIFT_COMPILATION_MODE = wholemodule;
				SWIFT_OPTIMIZATION_LEVEL = "-O";
				VALIDATE_PRODUCT = YES;
			};
			name = Release;
		};
		05D396E220A2FE82006F6D4B /* Debug */ = {
			isa = XCBuildConfiguration;
			buildSettings = {
				ASSETCATALOG_COMPILER_APPICON_NAME = AppIcon;
				CODE_SIGN_STYLE = Automatic;
				DEVELOPMENT_TEAM = 85H2BRRAU7;
				INFOPLIST_FILE = RalphRoberts/Info.plist;
				LD_RUNPATH_SEARCH_PATHS = (
					"$(inherited)",
					"@executable_path/Frameworks",
				);
				PRODUCT_BUNDLE_IDENTIFIER = com.jjrscott.RalphRoberts;
				PRODUCT_NAME = "$(TARGET_NAME)";
				SWIFT_VERSION = 4.0;
				TARGETED_DEVICE_FAMILY = "1,2";
			};
			name = Debug;
		};
		05D396E320A2FE82006F6D4B /* Release */ = {
			isa = XCBuildConfiguration;
			buildSettings = {
				ASSETCATALOG_COMPILER_APPICON_NAME = AppIcon;
				CODE_SIGN_STYLE = Automatic;
				DEVELOPMENT_TEAM = 85H2BRRAU7;
				INFOPLIST_FILE = RalphRoberts/Info.plist;
				LD_RUNPATH_SEARCH_PATHS = (
					"$(inherited)",
					"@executable_path/Frameworks",
				);
				PRODUCT_BUNDLE_IDENTIFIER = com.jjrscott.RalphRoberts;
				PRODUCT_NAME = "$(TARGET_NAME)";
				SWIFT_VERSION = 4.0;
				TARGETED_DEVICE_FAMILY = "1,2";
			};
			name = Release;
		};
		05D396E520A2FE82006F6D4B /* Debug */ = {
			isa = XCBuildConfiguration;
			buildSettings = {
				ALWAYS_EMBED_SWIFT_STANDARD_LIBRARIES = YES;
				BUNDLE_LOADER = "$(TEST_HOST)";
				CODE_SIGN_STYLE = Automatic;
				DEVELOPMENT_TEAM = 85H2BRRAU7;
				INFOPLIST_FILE = RalphRobertsTests/Info.plist;
				LD_RUNPATH_SEARCH_PATHS = (
					"$(inherited)",
					"@executable_path/Frameworks",
					"@loader_path/Frameworks",
				);
				PRODUCT_BUNDLE_IDENTIFIER = com.jjrscott.RalphRobertsTests;
				PRODUCT_NAME = "$(TARGET_NAME)";
				SWIFT_VERSION = 4.0;
				TARGETED_DEVICE_FAMILY = "1,2";
				TEST_HOST = "$(BUILT_PRODUCTS_DIR)/RalphRoberts.app/RalphRoberts";
			};
			name = Debug;
		};
		05D396E620A2FE82006F6D4B /* Release */ = {
			isa = XCBuildConfiguration;
			buildSettings = {
				ALWAYS_EMBED_SWIFT_STANDARD_LIBRARIES = YES;
				BUNDLE_LOADER = "$(TEST_HOST)";
				CODE_SIGN_STYLE = Automatic;
				DEVELOPMENT_TEAM = 85H2BRRAU7;
				INFOPLIST_FILE = RalphRobertsTests/Info.plist;
				LD_RUNPATH_SEARCH_PATHS = (
					"$(inherited)",
					"@executable_path/Frameworks",
					"@loader_path/Frameworks",
				);
				PRODUCT_BUNDLE_IDENTIFIER = com.jjrscott.RalphRobertsTests;
				PRODUCT_NAME = "$(TARGET_NAME)";
				SWIFT_VERSION = 4.0;
				TARGETED_DEVICE_FAMILY = "1,2";
				TEST_HOST = "$(BUILT_PRODUCTS_DIR)/RalphRoberts.app/RalphRoberts";
			};
			name = Release;
		};
/* End XCBuildConfiguration section */

/* Begin XCConfigurationList section */
		05D396BF20A2FE7F006F6D4B /* Build configuration list for PBXProject "RalphRoberts" */ = {
			isa = XCConfigurationList;
			buildConfigurations = (
				05D396DF20A2FE82006F6D4B /* Debug */,
				05D396E020A2FE82006F6D4B /* Release */,
			);
			defaultConfigurationIsVisible = 0;
			defaultConfigurationName = Release;
		};
		05D396E120A2FE82006F6D4B /* Build configuration list for PBXNativeTarget "RalphRoberts" */ = {
			isa = XCConfigurationList;
			buildConfigurations = (
				05D396E220A2FE82006F6D4B /* Debug */,
				05D396E320A2FE82006F6D4B /* Release */,
			);
			defaultConfigurationIsVisible = 0;
			defaultConfigurationName = Release;
		};
		05D396E420A2FE82006F6D4B /* Build configuration list for PBXNativeTarget "RalphRobertsTests" */ = {
			isa = XCConfigurationList;
			buildConfigurations = (
				05D396E520A2FE82006F6D4B /* Debug */,
				05D396E620A2FE82006F6D4B /* Release */,
			);
			defaultConfigurationIsVisible = 0;
			defaultConfigurationName = Release;
		};
/* End XCConfigurationList section */
	};
	rootObject = 05D396BC20A2FE7F006F6D4B /* Project object */;
}
